// !$*UTF8*$!
{
	archiveVersion = 1;
	classes = {
	};
	objectVersion = 46;
	objects = {

/* Begin PBXBuildFile section */
		5F6BBE2F1F1D2A5700A157E2 /* GoogleService-Info.plist in Resources */ = {isa = PBXBuildFile; fileRef = 5F6BBE2E1F1D2A5700A157E2 /* GoogleService-Info.plist */; };
		5FEE06291F1D278E00FFECE8 /* AppDelegate.swift in Sources */ = {isa = PBXBuildFile; fileRef = 5FEE06281F1D278E00FFECE8 /* AppDelegate.swift */; };
		5FEE062B1F1D278E00FFECE8 /* ViewController.swift in Sources */ = {isa = PBXBuildFile; fileRef = 5FEE062A1F1D278E00FFECE8 /* ViewController.swift */; };
		5FEE062E1F1D278E00FFECE8 /* Main.storyboard in Resources */ = {isa = PBXBuildFile; fileRef = 5FEE062C1F1D278E00FFECE8 /* Main.storyboard */; };
		5FEE06301F1D278E00FFECE8 /* Assets.xcassets in Resources */ = {isa = PBXBuildFile; fileRef = 5FEE062F1F1D278E00FFECE8 /* Assets.xcassets */; };
		5FEE06331F1D278E00FFECE8 /* LaunchScreen.storyboard in Resources */ = {isa = PBXBuildFile; fileRef = 5FEE06311F1D278E00FFECE8 /* LaunchScreen.storyboard */; };
		B3C0504973FBF860041682F4 /* Pods_Elixir.framework in Frameworks */ = {isa = PBXBuildFile; fileRef = 2465B0FAB0BDB5674D53CDA6 /* Pods_Elixir.framework */; };
/* End PBXBuildFile section */

/* Begin PBXFileReference section */
		2465B0FAB0BDB5674D53CDA6 /* Pods_Elixir.framework */ = {isa = PBXFileReference; explicitFileType = wrapper.framework; includeInIndex = 0; path = Pods_Elixir.framework; sourceTree = BUILT_PRODUCTS_DIR; };
		5F6BBE2E1F1D2A5700A157E2 /* GoogleService-Info.plist */ = {isa = PBXFileReference; fileEncoding = 4; lastKnownFileType = text.plist.xml; path = "GoogleService-Info.plist"; sourceTree = "<group>"; };
		5FEE06251F1D278E00FFECE8 /* Elixir.app */ = {isa = PBXFileReference; explicitFileType = wrapper.application; includeInIndex = 0; path = Elixir.app; sourceTree = BUILT_PRODUCTS_DIR; };
		5FEE06281F1D278E00FFECE8 /* AppDelegate.swift */ = {isa = PBXFileReference; lastKnownFileType = sourcecode.swift; path = AppDelegate.swift; sourceTree = "<group>"; };
		5FEE062A1F1D278E00FFECE8 /* ViewController.swift */ = {isa = PBXFileReference; lastKnownFileType = sourcecode.swift; path = ViewController.swift; sourceTree = "<group>"; };
		5FEE062D1F1D278E00FFECE8 /* Base */ = {isa = PBXFileReference; lastKnownFileType = file.storyboard; name = Base; path = Base.lproj/Main.storyboard; sourceTree = "<group>"; };
		5FEE062F1F1D278E00FFECE8 /* Assets.xcassets */ = {isa = PBXFileReference; lastKnownFileType = folder.assetcatalog; name = Assets.xcassets; path = Elixir/Assets.xcassets; sourceTree = "<group>"; };
		5FEE06321F1D278E00FFECE8 /* Base */ = {isa = PBXFileReference; lastKnownFileType = file.storyboard; name = Base; path = Base.lproj/LaunchScreen.storyboard; sourceTree = "<group>"; };
		5FEE06341F1D278E00FFECE8 /* Info.plist */ = {isa = PBXFileReference; lastKnownFileType = text.plist.xml; path = Info.plist; sourceTree = "<group>"; };
		6B41B9E44DD1F7C797B7825C /* Pods-Elixir.release.xcconfig */ = {isa = PBXFileReference; includeInIndex = 1; lastKnownFileType = text.xcconfig; name = "Pods-Elixir.release.xcconfig"; path = "Pods/Target Support Files/Pods-Elixir/Pods-Elixir.release.xcconfig"; sourceTree = "<group>"; };
		6DA9BF3E1EB085A4166ECC1E /* Pods-Elixir.debug.xcconfig */ = {isa = PBXFileReference; includeInIndex = 1; lastKnownFileType = text.xcconfig; name = "Pods-Elixir.debug.xcconfig"; path = "Pods/Target Support Files/Pods-Elixir/Pods-Elixir.debug.xcconfig"; sourceTree = "<group>"; };
/* End PBXFileReference section */

/* Begin PBXFrameworksBuildPhase section */
		5FEE06221F1D278E00FFECE8 /* Frameworks */ = {
			isa = PBXFrameworksBuildPhase;
			buildActionMask = 2147483647;
			files = (
				B3C0504973FBF860041682F4 /* Pods_Elixir.framework in Frameworks */,
			);
			runOnlyForDeploymentPostprocessing = 0;
		};
/* End PBXFrameworksBuildPhase section */

/* Begin PBXGroup section */
		5F6BBE301F1D54FD00A157E2 /* Storyboards */ = {
			isa = PBXGroup;
			children = (
				5FEE062C1F1D278E00FFECE8 /* Main.storyboard */,
				5FEE06311F1D278E00FFECE8 /* LaunchScreen.storyboard */,
			);
			name = Storyboards;
			sourceTree = "<group>";
		};
		5F6BBE311F1D552600A157E2 /* View Controllers */ = {
			isa = PBXGroup;
			children = (
				5FEE062A1F1D278E00FFECE8 /* ViewController.swift */,
			);
			name = "View Controllers";
			sourceTree = "<group>";
		};
		5F6BBE321F1D554000A157E2 /* Models */ = {
			isa = PBXGroup;
			children = (
			);
			name = Models;
			sourceTree = "<group>";
		};
		5F6BBE351F1D558A00A157E2 /* Services */ = {
			isa = PBXGroup;
			children = (
				5FEE06341F1D278E00FFECE8 /* Info.plist */,
				5F6BBE2E1F1D2A5700A157E2 /* GoogleService-Info.plist */,
			);
			name = Services;
			sourceTree = "<group>";
		};
		5FEE061C1F1D278E00FFECE8 = {
			isa = PBXGroup;
			children = (
				5FEE06271F1D278E00FFECE8 /* Elixir */,
				5FEE062F1F1D278E00FFECE8 /* Assets.xcassets */,
				5FEE06261F1D278E00FFECE8 /* Products */,
				EFFA9429B87320CC0F50276E /* Pods */,
				F8CEB9706C21F09F6C3E1E83 /* Frameworks */,
			);
			sourceTree = "<group>";
		};
		5FEE06261F1D278E00FFECE8 /* Products */ = {
			isa = PBXGroup;
			children = (
				5FEE06251F1D278E00FFECE8 /* Elixir.app */,
			);
			name = Products;
			sourceTree = "<group>";
		};
		5FEE06271F1D278E00FFECE8 /* Elixir */ = {
			isa = PBXGroup;
			children = (
				5FEE06281F1D278E00FFECE8 /* AppDelegate.swift */,
				5F6BBE321F1D554000A157E2 /* Models */,
				5F6BBE311F1D552600A157E2 /* View Controllers */,
				5F6BBE301F1D54FD00A157E2 /* Storyboards */,
				5F6BBE351F1D558A00A157E2 /* Services */,
			);
			path = Elixir;
			sourceTree = "<group>";
		};
		EFFA9429B87320CC0F50276E /* Pods */ = {
			isa = PBXGroup;
			children = (
				6DA9BF3E1EB085A4166ECC1E /* Pods-Elixir.debug.xcconfig */,
				6B41B9E44DD1F7C797B7825C /* Pods-Elixir.release.xcconfig */,
			);
			name = Pods;
			sourceTree = "<group>";
		};
		F8CEB9706C21F09F6C3E1E83 /* Frameworks */ = {
			isa = PBXGroup;
			children = (
				2465B0FAB0BDB5674D53CDA6 /* Pods_Elixir.framework */,
			);
			name = Frameworks;
			sourceTree = "<group>";
		};
/* End PBXGroup section */

/* Begin PBXNativeTarget section */
		5FEE06241F1D278E00FFECE8 /* Elixir */ = {
			isa = PBXNativeTarget;
			buildConfigurationList = 5FEE06371F1D278E00FFECE8 /* Build configuration list for PBXNativeTarget "Elixir" */;
			buildPhases = (
				2F1624243CEE58BE6682932A /* [CP] Check Pods Manifest.lock */,
				5FEE06211F1D278E00FFECE8 /* Sources */,
				5FEE06221F1D278E00FFECE8 /* Frameworks */,
				5FEE06231F1D278E00FFECE8 /* Resources */,
				85286D1066C19F88482F6070 /* [CP] Embed Pods Frameworks */,
				88B23252FB54B5F23CBDC451 /* [CP] Copy Pods Resources */,
			);
			buildRules = (
			);
			dependencies = (
			);
			name = Elixir;
			productName = Elixir;
			productReference = 5FEE06251F1D278E00FFECE8 /* Elixir.app */;
			productType = "com.apple.product-type.application";
		};
/* End PBXNativeTarget section */

/* Begin PBXProject section */
		5FEE061D1F1D278E00FFECE8 /* Project object */ = {
			isa = PBXProject;
			attributes = {
				LastSwiftUpdateCheck = 0830;
				LastUpgradeCheck = 0830;
				ORGANIZATIONNAME = Elixir;
				TargetAttributes = {
					5FEE06241F1D278E00FFECE8 = {
						CreatedOnToolsVersion = 8.3.3;
						DevelopmentTeam = MMWEE7C9T8;
						ProvisioningStyle = Automatic;
					};
				};
			};
			buildConfigurationList = 5FEE06201F1D278E00FFECE8 /* Build configuration list for PBXProject "Elixir" */;
			compatibilityVersion = "Xcode 3.2";
			developmentRegion = English;
			hasScannedForEncodings = 0;
			knownRegions = (
				en,
				Base,
			);
			mainGroup = 5FEE061C1F1D278E00FFECE8;
			productRefGroup = 5FEE06261F1D278E00FFECE8 /* Products */;
			projectDirPath = "";
			projectRoot = "";
			targets = (
				5FEE06241F1D278E00FFECE8 /* Elixir */,
			);
		};
/* End PBXProject section */

/* Begin PBXResourcesBuildPhase section */
		5FEE06231F1D278E00FFECE8 /* Resources */ = {
			isa = PBXResourcesBuildPhase;
			buildActionMask = 2147483647;
			files = (
				5FEE06331F1D278E00FFECE8 /* LaunchScreen.storyboard in Resources */,
				5F6BBE2F1F1D2A5700A157E2 /* GoogleService-Info.plist in Resources */,
				5FEE06301F1D278E00FFECE8 /* Assets.xcassets in Resources */,
				5FEE062E1F1D278E00FFECE8 /* Main.storyboard in Resources */,
			);
			runOnlyForDeploymentPostprocessing = 0;
		};
/* End PBXResourcesBuildPhase section */

/* Begin PBXShellScriptBuildPhase section */
		2F1624243CEE58BE6682932A /* [CP] Check Pods Manifest.lock */ = {
			isa = PBXShellScriptBuildPhase;
			buildActionMask = 2147483647;
			files = (
			);
			inputPaths = (
			);
			name = "[CP] Check Pods Manifest.lock";
			outputPaths = (
			);
			runOnlyForDeploymentPostprocessing = 0;
			shellPath = /bin/sh;
			shellScript = "diff \"${PODS_PODFILE_DIR_PATH}/Podfile.lock\" \"${PODS_ROOT}/Manifest.lock\" > /dev/null\nif [ $? != 0 ] ; then\n    # print error to STDERR\n    echo \"error: The sandbox is not in sync with the Podfile.lock. Run 'pod install' or update your CocoaPods installation.\" >&2\n    exit 1\nfi\n";
			showEnvVarsInLog = 0;
		};
		85286D1066C19F88482F6070 /* [CP] Embed Pods Frameworks */ = {
			isa = PBXShellScriptBuildPhase;
			buildActionMask = 2147483647;
			files = (
			);
			inputPaths = (
			);
			name = "[CP] Embed Pods Frameworks";
			outputPaths = (
			);
			runOnlyForDeploymentPostprocessing = 0;
			shellPath = /bin/sh;
			shellScript = "\"${SRCROOT}/Pods/Target Support Files/Pods-Elixir/Pods-Elixir-frameworks.sh\"\n";
			showEnvVarsInLog = 0;
		};
		88B23252FB54B5F23CBDC451 /* [CP] Copy Pods Resources */ = {
			isa = PBXShellScriptBuildPhase;
			buildActionMask = 2147483647;
			files = (
			);
			inputPaths = (
			);
			name = "[CP] Copy Pods Resources";
			outputPaths = (
			);
			runOnlyForDeploymentPostprocessing = 0;
			shellPath = /bin/sh;
			shellScript = "\"${SRCROOT}/Pods/Target Support Files/Pods-Elixir/Pods-Elixir-resources.sh\"\n";
			showEnvVarsInLog = 0;
		};
/* End PBXShellScriptBuildPhase section */

/* Begin PBXSourcesBuildPhase section */
		5FEE06211F1D278E00FFECE8 /* Sources */ = {
			isa = PBXSourcesBuildPhase;
			buildActionMask = 2147483647;
			files = (
				5FEE062B1F1D278E00FFECE8 /* ViewController.swift in Sources */,
				5FEE06291F1D278E00FFECE8 /* AppDelegate.swift in Sources */,
			);
			runOnlyForDeploymentPostprocessing = 0;
		};
/* End PBXSourcesBuildPhase section */

/* Begin PBXVariantGroup section */
		5FEE062C1F1D278E00FFECE8 /* Main.storyboard */ = {
			isa = PBXVariantGroup;
			children = (
				5FEE062D1F1D278E00FFECE8 /* Base */,
			);
			name = Main.storyboard;
			sourceTree = "<group>";
		};
		5FEE06311F1D278E00FFECE8 /* LaunchScreen.storyboard */ = {
			isa = PBXVariantGroup;
			children = (
				5FEE06321F1D278E00FFECE8 /* Base */,
			);
			name = LaunchScreen.storyboard;
			sourceTree = "<group>";
		};
/* End PBXVariantGroup section */

/* Begin XCBuildConfiguration section */
		5FEE06351F1D278E00FFECE8 /* Debug */ = {
			isa = XCBuildConfiguration;
			buildSettings = {
				ALWAYS_SEARCH_USER_PATHS = NO;
				CLANG_ANALYZER_NONNULL = YES;
				CLANG_ANALYZER_NUMBER_OBJECT_CONVERSION = YES_AGGRESSIVE;
				CLANG_CXX_LANGUAGE_STANDARD = "gnu++0x";
				CLANG_CXX_LIBRARY = "libc++";
				CLANG_ENABLE_MODULES = YES;
				CLANG_ENABLE_OBJC_ARC = YES;
				CLANG_WARN_BOOL_CONVERSION = YES;
				CLANG_WARN_CONSTANT_CONVERSION = YES;
				CLANG_WARN_DIRECT_OBJC_ISA_USAGE = YES_ERROR;
				CLANG_WARN_DOCUMENTATION_COMMENTS = YES;
				CLANG_WARN_EMPTY_BODY = YES;
				CLANG_WARN_ENUM_CONVERSION = YES;
				CLANG_WARN_INFINITE_RECURSION = YES;
				CLANG_WARN_INT_CONVERSION = YES;
				CLANG_WARN_OBJC_ROOT_CLASS = YES_ERROR;
				CLANG_WARN_SUSPICIOUS_MOVE = YES;
				CLANG_WARN_UNREACHABLE_CODE = YES;
				CLANG_WARN__DUPLICATE_METHOD_MATCH = YES;
				"CODE_SIGN_IDENTITY[sdk=iphoneos*]" = "iPhone Developer";
				COPY_PHASE_STRIP = NO;
				DEBUG_INFORMATION_FORMAT = dwarf;
				ENABLE_STRICT_OBJC_MSGSEND = YES;
				ENABLE_TESTABILITY = YES;
				GCC_C_LANGUAGE_STANDARD = gnu99;
				GCC_DYNAMIC_NO_PIC = NO;
				GCC_NO_COMMON_BLOCKS = YES;
				GCC_OPTIMIZATION_LEVEL = 0;
				GCC_PREPROCESSOR_DEFINITIONS = (
					"DEBUG=1",
					"$(inherited)",
				);
				GCC_WARN_64_TO_32_BIT_CONVERSION = YES;
				GCC_WARN_ABOUT_RETURN_TYPE = YES_ERROR;
				GCC_WARN_UNDECLARED_SELECTOR = YES;
				GCC_WARN_UNINITIALIZED_AUTOS = YES_AGGRESSIVE;
				GCC_WARN_UNUSED_FUNCTION = YES;
				GCC_WARN_UNUSED_VARIABLE = YES;
				IPHONEOS_DEPLOYMENT_TARGET = 10.3;
				MTL_ENABLE_DEBUG_INFO = YES;
				ONLY_ACTIVE_ARCH = YES;
				SDKROOT = iphoneos;
				SWIFT_ACTIVE_COMPILATION_CONDITIONS = DEBUG;
				SWIFT_OPTIMIZATION_LEVEL = "-Onone";
			};
			name = Debug;
		};
		5FEE06361F1D278E00FFECE8 /* Release */ = {
			isa = XCBuildConfiguration;
			buildSettings = {
				ALWAYS_SEARCH_USER_PATHS = NO;
				CLANG_ANALYZER_NONNULL = YES;
				CLANG_ANALYZER_NUMBER_OBJECT_CONVERSION = YES_AGGRESSIVE;
				CLANG_CXX_LANGUAGE_STANDARD = "gnu++0x";
				CLANG_CXX_LIBRARY = "libc++";
				CLANG_ENABLE_MODULES = YES;
				CLANG_ENABLE_OBJC_ARC = YES;
				CLANG_WARN_BOOL_CONVERSION = YES;
				CLANG_WARN_CONSTANT_CONVERSION = YES;
				CLANG_WARN_DIRECT_OBJC_ISA_USAGE = YES_ERROR;
				CLANG_WARN_DOCUMENTATION_COMMENTS = YES;
				CLANG_WARN_EMPTY_BODY = YES;
				CLANG_WARN_ENUM_CONVERSION = YES;
				CLANG_WARN_INFINITE_RECURSION = YES;
				CLANG_WARN_INT_CONVERSION = YES;
				CLANG_WARN_OBJC_ROOT_CLASS = YES_ERROR;
				CLANG_WARN_SUSPICIOUS_MOVE = YES;
				CLANG_WARN_UNREACHABLE_CODE = YES;
				CLANG_WARN__DUPLICATE_METHOD_MATCH = YES;
				"CODE_SIGN_IDENTITY[sdk=iphoneos*]" = "iPhone Developer";
				COPY_PHASE_STRIP = NO;
				DEBUG_INFORMATION_FORMAT = "dwarf-with-dsym";
				ENABLE_NS_ASSERTIONS = NO;
				ENABLE_STRICT_OBJC_MSGSEND = YES;
				GCC_C_LANGUAGE_STANDARD = gnu99;
				GCC_NO_COMMON_BLOCKS = YES;
				GCC_WARN_64_TO_32_BIT_CONVERSION = YES;
				GCC_WARN_ABOUT_RETURN_TYPE = YES_ERROR;
				GCC_WARN_UNDECLARED_SELECTOR = YES;
				GCC_WARN_UNINITIALIZED_AUTOS = YES_AGGRESSIVE;
				GCC_WARN_UNUSED_FUNCTION = YES;
				GCC_WARN_UNUSED_VARIABLE = YES;
				IPHONEOS_DEPLOYMENT_TARGET = 10.3;
				MTL_ENABLE_DEBUG_INFO = NO;
				SDKROOT = iphoneos;
				SWIFT_OPTIMIZATION_LEVEL = "-Owholemodule";
				VALIDATE_PRODUCT = YES;
			};
			name = Release;
		};
		5FEE06381F1D278E00FFECE8 /* Debug */ = {
			isa = XCBuildConfiguration;
			baseConfigurationReference = 6DA9BF3E1EB085A4166ECC1E /* Pods-Elixir.debug.xcconfig */;
			buildSettings = {
				ASSETCATALOG_COMPILER_APPICON_NAME = AppIcon;
				DEVELOPMENT_TEAM = MMWEE7C9T8;
				INFOPLIST_FILE = Elixir/Info.plist;
				LD_RUNPATH_SEARCH_PATHS = "$(inherited) @executable_path/Frameworks";
				PRODUCT_BUNDLE_IDENTIFIER = com.markwang.Elixir;
				PRODUCT_NAME = "$(TARGET_NAME)";
				SWIFT_VERSION = 3.0;
			};
			name = Debug;
		};
		5FEE06391F1D278E00FFECE8 /* Release */ = {
			isa = XCBuildConfiguration;
			baseConfigurationReference = 6B41B9E44DD1F7C797B7825C /* Pods-Elixir.release.xcconfig */;
			buildSettings = {
				ASSETCATALOG_COMPILER_APPICON_NAME = AppIcon;
				DEVELOPMENT_TEAM = MMWEE7C9T8;
				INFOPLIST_FILE = Elixir/Info.plist;
				LD_RUNPATH_SEARCH_PATHS = "$(inherited) @executable_path/Frameworks";
				PRODUCT_BUNDLE_IDENTIFIER = com.markwang.Elixir;
				PRODUCT_NAME = "$(TARGET_NAME)";
				SWIFT_VERSION = 3.0;
			};
			name = Release;
		};
/* End XCBuildConfiguration section */

/* Begin XCConfigurationList section */
		5FEE06201F1D278E00FFECE8 /* Build configuration list for PBXProject "Elixir" */ = {
			isa = XCConfigurationList;
			buildConfigurations = (
				5FEE06351F1D278E00FFECE8 /* Debug */,
				5FEE06361F1D278E00FFECE8 /* Release */,
			);
			defaultConfigurationIsVisible = 0;
			defaultConfigurationName = Release;
		};
		5FEE06371F1D278E00FFECE8 /* Build configuration list for PBXNativeTarget "Elixir" */ = {
			isa = XCConfigurationList;
			buildConfigurations = (
				5FEE06381F1D278E00FFECE8 /* Debug */,
				5FEE06391F1D278E00FFECE8 /* Release */,
			);
			defaultConfigurationIsVisible = 0;
			defaultConfigurationName = Release;
		};
/* End XCConfigurationList section */
	};
	rootObject = 5FEE061D1F1D278E00FFECE8 /* Project object */;
}
